
Microsoft Visual Studio Solution File, Format Version 12.00
# Visual Studio 15
VisualStudioVersion = 15.0.28307.421
MinimumVisualStudioVersion = 10.0.40219.1
Project("{FAE04EC0-301F-11D3-BF4B-00C04F79EFBC}") = "UBT_ToolsLibrary", "UBT_ToolsLibrary\UBT_ToolsLibrary.csproj", "{743DF16F-530F-4D96-B778-766A3DC67407}"
EndProject
Global
	GlobalSection(SolutionConfigurationPlatforms) = preSolution
		Debug|Any CPU = Debug|Any CPU
		Release|Any CPU = Release|Any CPU
	EndGlobalSection
	GlobalSection(ProjectConfigurationPlatforms) = postSolution
		{743DF16F-530F-4D96-B778-766A3DC67407}.Debug|Any CPU.ActiveCfg = Debug|Any CPU
		{743DF16F-530F-4D96-B778-766A3DC67407}.Debug|Any CPU.Build.0 = Debug|Any CPU
		{743DF16F-530F-4D96-B778-766A3DC67407}.Release|Any CPU.ActiveCfg = Release|Any CPU
		{743DF16F-530F-4D96-B778-766A3DC67407}.Release|Any CPU.Build.0 = Release|Any CPU
	EndGlobalSection
	GlobalSection(SolutionProperties) = preSolution
		HideSolutionNode = FALSE
	EndGlobalSection
	GlobalSection(ExtensibilityGlobals) = postSolution
		SolutionGuid = {842F2DEC-C774-4AE7-8E03-C33A111C2D91}
	EndGlobalSection
EndGlobal
